// !$*UTF8*$!
{
	archiveVersion = 1;
	classes = {
	};
	objectVersion = 50;
	objects = {

/* Begin PBXBuildFile section */
		A40476B02412B406003B7741 /* WaiterList.storyboard in Resources */ = {isa = PBXBuildFile; fileRef = A40476AF2412B406003B7741 /* WaiterList.storyboard */; };
		A40476B42412B713003B7741 /* DisableWaiter.storyboard in Resources */ = {isa = PBXBuildFile; fileRef = A40476B32412B713003B7741 /* DisableWaiter.storyboard */; };
		A40476B72412B863003B7741 /* NewWaiter.storyboard in Resources */ = {isa = PBXBuildFile; fileRef = A40476B62412B863003B7741 /* NewWaiter.storyboard */; };
		A40476BA2412B9B1003B7741 /* ShowAccount.storyboard in Resources */ = {isa = PBXBuildFile; fileRef = A40476B92412B9B1003B7741 /* ShowAccount.storyboard */; };
		A40476BF2412BFC4003B7741 /* EditAccount.storyboard in Resources */ = {isa = PBXBuildFile; fileRef = A40476BE2412BFC4003B7741 /* EditAccount.storyboard */; };
		A40476C12412C051003B7741 /* SalesDay.storyboard in Resources */ = {isa = PBXBuildFile; fileRef = A40476C02412C051003B7741 /* SalesDay.storyboard */; };
		A40476C52412C076003B7741 /* SalesMonth.storyboard in Resources */ = {isa = PBXBuildFile; fileRef = A40476C42412C076003B7741 /* SalesMonth.storyboard */; };
		A40476C82412D1AC003B7741 /* SelectDate.storyboard in Resources */ = {isa = PBXBuildFile; fileRef = A40476C72412D1AC003B7741 /* SelectDate.storyboard */; };
		A41CA738240D986900B0F9BD /* WaiterLogin.storyboard in Resources */ = {isa = PBXBuildFile; fileRef = A41CA737240D986900B0F9BD /* WaiterLogin.storyboard */; };
		A41CA741240DB36200B0F9BD /* RegisterPresenter.swift in Sources */ = {isa = PBXBuildFile; fileRef = A41CA73A240DB36200B0F9BD /* RegisterPresenter.swift */; };
		A41CA742240DB36200B0F9BD /* RegisterLocalDataManager.swift in Sources */ = {isa = PBXBuildFile; fileRef = A41CA73B240DB36200B0F9BD /* RegisterLocalDataManager.swift */; };
		A41CA743240DB36200B0F9BD /* RegisterProtocols.swift in Sources */ = {isa = PBXBuildFile; fileRef = A41CA73C240DB36200B0F9BD /* RegisterProtocols.swift */; };
		A41CA744240DB36200B0F9BD /* RegisterInteractor.swift in Sources */ = {isa = PBXBuildFile; fileRef = A41CA73D240DB36200B0F9BD /* RegisterInteractor.swift */; };
		A41CA745240DB36200B0F9BD /* RegisterView.swift in Sources */ = {isa = PBXBuildFile; fileRef = A41CA73E240DB36200B0F9BD /* RegisterView.swift */; };
		A41CA746240DB36200B0F9BD /* RegisterRemoteDataManager.swift in Sources */ = {isa = PBXBuildFile; fileRef = A41CA73F240DB36200B0F9BD /* RegisterRemoteDataManager.swift */; };
		A41CA747240DB36200B0F9BD /* RegisterWireFrame.swift in Sources */ = {isa = PBXBuildFile; fileRef = A41CA740240DB36200B0F9BD /* RegisterWireFrame.swift */; };
		A41CA74B240DB38600B0F9BD /* Register.storyboard in Resources */ = {isa = PBXBuildFile; fileRef = A41CA74A240DB38600B0F9BD /* Register.storyboard */; };
		A41CA74E240DB8BE00B0F9BD /* ValidateRegister.storyboard in Resources */ = {isa = PBXBuildFile; fileRef = A41CA74D240DB8BE00B0F9BD /* ValidateRegister.storyboard */; };
		A41CA752240DBE2200B0F9BD /* RequestCode.storyboard in Resources */ = {isa = PBXBuildFile; fileRef = A41CA751240DBE2200B0F9BD /* RequestCode.storyboard */; };
		A41CA755240DC32800B0F9BD /* NewPassword.storyboard in Resources */ = {isa = PBXBuildFile; fileRef = A41CA754240DC32800B0F9BD /* NewPassword.storyboard */; };
		A41CA758240DD00700B0F9BD /* Menu.storyboard in Resources */ = {isa = PBXBuildFile; fileRef = A41CA757240DD00700B0F9BD /* Menu.storyboard */; };
		A41CA75B240DD6C600B0F9BD /* OrderList.storyboard in Resources */ = {isa = PBXBuildFile; fileRef = A41CA75A240DD6C600B0F9BD /* OrderList.storyboard */; };
		A41CA75E240DDB2600B0F9BD /* MenuBottom.storyboard in Resources */ = {isa = PBXBuildFile; fileRef = A41CA75D240DDB2600B0F9BD /* MenuBottom.storyboard */; };
		A42D79022409C19D0099B854 /* LoginAdminPresenter.swift in Sources */ = {isa = PBXBuildFile; fileRef = A42D78FB2409C19D0099B854 /* LoginAdminPresenter.swift */; };
		A42D79032409C19D0099B854 /* LoginAdminLocalDataManager.swift in Sources */ = {isa = PBXBuildFile; fileRef = A42D78FC2409C19D0099B854 /* LoginAdminLocalDataManager.swift */; };
		A42D79042409C19D0099B854 /* LoginAdminProtocols.swift in Sources */ = {isa = PBXBuildFile; fileRef = A42D78FD2409C19D0099B854 /* LoginAdminProtocols.swift */; };
		A42D79052409C19D0099B854 /* LoginAdminInteractor.swift in Sources */ = {isa = PBXBuildFile; fileRef = A42D78FE2409C19D0099B854 /* LoginAdminInteractor.swift */; };
		A42D79062409C19D0099B854 /* LoginAdminView.swift in Sources */ = {isa = PBXBuildFile; fileRef = A42D78FF2409C19D0099B854 /* LoginAdminView.swift */; };
		A42D79072409C19D0099B854 /* LoginAdminRemoteDataManager.swift in Sources */ = {isa = PBXBuildFile; fileRef = A42D79002409C19D0099B854 /* LoginAdminRemoteDataManager.swift */; };
		A42D79082409C19D0099B854 /* LoginAdminWireFrame.swift in Sources */ = {isa = PBXBuildFile; fileRef = A42D79012409C19D0099B854 /* LoginAdminWireFrame.swift */; };
		A42D790A2409C1CB0099B854 /* AdminLogin.storyboard in Resources */ = {isa = PBXBuildFile; fileRef = A42D79092409C1CB0099B854 /* AdminLogin.storyboard */; };
		A43CA20D2409B53600BD547F /* AppDelegate.swift in Sources */ = {isa = PBXBuildFile; fileRef = A43CA20C2409B53600BD547F /* AppDelegate.swift */; };
		A43CA20F2409B53600BD547F /* SceneDelegate.swift in Sources */ = {isa = PBXBuildFile; fileRef = A43CA20E2409B53600BD547F /* SceneDelegate.swift */; };
		A43CA2162409B53800BD547F /* Assets.xcassets in Resources */ = {isa = PBXBuildFile; fileRef = A43CA2152409B53800BD547F /* Assets.xcassets */; };
		A43CA2192409B53800BD547F /* LaunchScreen.storyboard in Resources */ = {isa = PBXBuildFile; fileRef = A43CA2172409B53800BD547F /* LaunchScreen.storyboard */; };
		A43CA23A2409B71D00BD547F /* Montserrat-Regular.ttf in Resources */ = {isa = PBXBuildFile; fileRef = A43CA2352409B71D00BD547F /* Montserrat-Regular.ttf */; };
		A43CA23B2409B71D00BD547F /* Montserrat-Medium.ttf in Resources */ = {isa = PBXBuildFile; fileRef = A43CA2362409B71D00BD547F /* Montserrat-Medium.ttf */; };
		A43CA23C2409B71D00BD547F /* Montserrat-SemiBold.ttf in Resources */ = {isa = PBXBuildFile; fileRef = A43CA2372409B71D00BD547F /* Montserrat-SemiBold.ttf */; };
		A43CA23D2409B71D00BD547F /* Montserrat-Bold.ttf in Resources */ = {isa = PBXBuildFile; fileRef = A43CA2382409B71D00BD547F /* Montserrat-Bold.ttf */; };
		A43CA23E2409B71D00BD547F /* Montserrat-Light.ttf in Resources */ = {isa = PBXBuildFile; fileRef = A43CA2392409B71D00BD547F /* Montserrat-Light.ttf */; };
		A470B15F241174E200A13A6C /* RequestCodePresenter.swift in Sources */ = {isa = PBXBuildFile; fileRef = A470B158241174E200A13A6C /* RequestCodePresenter.swift */; };
		A470B160241174E200A13A6C /* RequestCodeLocalDataManager.swift in Sources */ = {isa = PBXBuildFile; fileRef = A470B159241174E200A13A6C /* RequestCodeLocalDataManager.swift */; };
		A470B161241174E200A13A6C /* RequestCodeProtocols.swift in Sources */ = {isa = PBXBuildFile; fileRef = A470B15A241174E200A13A6C /* RequestCodeProtocols.swift */; };
		A470B162241174E200A13A6C /* RequestCodeInteractor.swift in Sources */ = {isa = PBXBuildFile; fileRef = A470B15B241174E200A13A6C /* RequestCodeInteractor.swift */; };
		A470B163241174E200A13A6C /* RequestCodeView.swift in Sources */ = {isa = PBXBuildFile; fileRef = A470B15C241174E200A13A6C /* RequestCodeView.swift */; };
		A470B164241174E200A13A6C /* RequestCodeRemoteDataManager.swift in Sources */ = {isa = PBXBuildFile; fileRef = A470B15D241174E200A13A6C /* RequestCodeRemoteDataManager.swift */; };
		A470B165241174E200A13A6C /* RequestCodeWireFrame.swift in Sources */ = {isa = PBXBuildFile; fileRef = A470B15E241174E200A13A6C /* RequestCodeWireFrame.swift */; };
		A470B16724117EB400A13A6C /* GlobalFunctions.swift in Sources */ = {isa = PBXBuildFile; fileRef = A470B16624117EB400A13A6C /* GlobalFunctions.swift */; };
		A470B1702411877300A13A6C /* NewPasswordPresenter.swift in Sources */ = {isa = PBXBuildFile; fileRef = A470B1692411877300A13A6C /* NewPasswordPresenter.swift */; };
		A470B1712411877300A13A6C /* NewPasswordLocalDataManager.swift in Sources */ = {isa = PBXBuildFile; fileRef = A470B16A2411877300A13A6C /* NewPasswordLocalDataManager.swift */; };
		A470B1722411877300A13A6C /* NewPasswordProtocols.swift in Sources */ = {isa = PBXBuildFile; fileRef = A470B16B2411877300A13A6C /* NewPasswordProtocols.swift */; };
		A470B1732411877300A13A6C /* NewPasswordInteractor.swift in Sources */ = {isa = PBXBuildFile; fileRef = A470B16C2411877300A13A6C /* NewPasswordInteractor.swift */; };
		A470B1742411877300A13A6C /* NewPasswordView.swift in Sources */ = {isa = PBXBuildFile; fileRef = A470B16D2411877300A13A6C /* NewPasswordView.swift */; };
		A470B1752411877300A13A6C /* NewPasswordRemoteDataManager.swift in Sources */ = {isa = PBXBuildFile; fileRef = A470B16E2411877300A13A6C /* NewPasswordRemoteDataManager.swift */; };
		A470B1762411877300A13A6C /* NewPasswordWireFrame.swift in Sources */ = {isa = PBXBuildFile; fileRef = A470B16F2411877300A13A6C /* NewPasswordWireFrame.swift */; };
		A470B17E2411B1C000A13A6C /* OrderListPresenter.swift in Sources */ = {isa = PBXBuildFile; fileRef = A470B1772411B1C000A13A6C /* OrderListPresenter.swift */; };
		A470B17F2411B1C000A13A6C /* OrderListLocalDataManager.swift in Sources */ = {isa = PBXBuildFile; fileRef = A470B1782411B1C000A13A6C /* OrderListLocalDataManager.swift */; };
		A470B1802411B1C000A13A6C /* OrderListProtocols.swift in Sources */ = {isa = PBXBuildFile; fileRef = A470B1792411B1C000A13A6C /* OrderListProtocols.swift */; };
		A470B1812411B1C000A13A6C /* OrderListInteractor.swift in Sources */ = {isa = PBXBuildFile; fileRef = A470B17A2411B1C000A13A6C /* OrderListInteractor.swift */; };
		A470B1822411B1C000A13A6C /* OrderListView.swift in Sources */ = {isa = PBXBuildFile; fileRef = A470B17B2411B1C000A13A6C /* OrderListView.swift */; };
		A470B1832411B1C000A13A6C /* OrderListRemoteDataManager.swift in Sources */ = {isa = PBXBuildFile; fileRef = A470B17C2411B1C000A13A6C /* OrderListRemoteDataManager.swift */; };
		A470B1842411B1C000A13A6C /* OrderListWireFrame.swift in Sources */ = {isa = PBXBuildFile; fileRef = A470B17D2411B1C000A13A6C /* OrderListWireFrame.swift */; };
		A470B18C2411BB4400A13A6C /* NewOrderPresenter.swift in Sources */ = {isa = PBXBuildFile; fileRef = A470B1852411BB4400A13A6C /* NewOrderPresenter.swift */; };
		A470B18D2411BB4400A13A6C /* NewOrderLocalDataManager.swift in Sources */ = {isa = PBXBuildFile; fileRef = A470B1862411BB4400A13A6C /* NewOrderLocalDataManager.swift */; };
		A470B18E2411BB4400A13A6C /* NewOrderProtocols.swift in Sources */ = {isa = PBXBuildFile; fileRef = A470B1872411BB4400A13A6C /* NewOrderProtocols.swift */; };
		A470B18F2411BB4400A13A6C /* NewOrderInteractor.swift in Sources */ = {isa = PBXBuildFile; fileRef = A470B1882411BB4400A13A6C /* NewOrderInteractor.swift */; };
		A470B1902411BB4400A13A6C /* NewOrderView.swift in Sources */ = {isa = PBXBuildFile; fileRef = A470B1892411BB4400A13A6C /* NewOrderView.swift */; };
		A470B1912411BB4400A13A6C /* NewOrderRemoteDataManager.swift in Sources */ = {isa = PBXBuildFile; fileRef = A470B18A2411BB4400A13A6C /* NewOrderRemoteDataManager.swift */; };
		A470B1922411BB4400A13A6C /* NewOrderWireFrame.swift in Sources */ = {isa = PBXBuildFile; fileRef = A470B18B2411BB4400A13A6C /* NewOrderWireFrame.swift */; };
		A470B19A2411C20F00A13A6C /* MenuPresenter.swift in Sources */ = {isa = PBXBuildFile; fileRef = A470B1932411C20F00A13A6C /* MenuPresenter.swift */; };
		A470B19B2411C20F00A13A6C /* MenuLocalDataManager.swift in Sources */ = {isa = PBXBuildFile; fileRef = A470B1942411C20F00A13A6C /* MenuLocalDataManager.swift */; };
		A470B19C2411C20F00A13A6C /* MenuProtocols.swift in Sources */ = {isa = PBXBuildFile; fileRef = A470B1952411C20F00A13A6C /* MenuProtocols.swift */; };
		A470B19D2411C20F00A13A6C /* MenuInteractor.swift in Sources */ = {isa = PBXBuildFile; fileRef = A470B1962411C20F00A13A6C /* MenuInteractor.swift */; };
		A470B19E2411C20F00A13A6C /* MenuView.swift in Sources */ = {isa = PBXBuildFile; fileRef = A470B1972411C20F00A13A6C /* MenuView.swift */; };
		A470B19F2411C20F00A13A6C /* MenuRemoteDataManager.swift in Sources */ = {isa = PBXBuildFile; fileRef = A470B1982411C20F00A13A6C /* MenuRemoteDataManager.swift */; };
		A470B1A02411C20F00A13A6C /* MenuWireFrame.swift in Sources */ = {isa = PBXBuildFile; fileRef = A470B1992411C20F00A13A6C /* MenuWireFrame.swift */; };
		A470B1A82411D3A400A13A6C /* MenuFoodPresenter.swift in Sources */ = {isa = PBXBuildFile; fileRef = A470B1A12411D3A400A13A6C /* MenuFoodPresenter.swift */; };
		A470B1A92411D3A400A13A6C /* MenuFoodLocalDataManager.swift in Sources */ = {isa = PBXBuildFile; fileRef = A470B1A22411D3A400A13A6C /* MenuFoodLocalDataManager.swift */; };
		A470B1AA2411D3A400A13A6C /* MenuFoodProtocols.swift in Sources */ = {isa = PBXBuildFile; fileRef = A470B1A32411D3A400A13A6C /* MenuFoodProtocols.swift */; };
		A470B1AB2411D3A400A13A6C /* MenuFoodInteractor.swift in Sources */ = {isa = PBXBuildFile; fileRef = A470B1A42411D3A400A13A6C /* MenuFoodInteractor.swift */; };
		A470B1AC2411D3A400A13A6C /* MenuFoodView.swift in Sources */ = {isa = PBXBuildFile; fileRef = A470B1A52411D3A400A13A6C /* MenuFoodView.swift */; };
		A470B1AD2411D3A400A13A6C /* MenuFoodRemoteDataManager.swift in Sources */ = {isa = PBXBuildFile; fileRef = A470B1A62411D3A400A13A6C /* MenuFoodRemoteDataManager.swift */; };
		A470B1AE2411D3A400A13A6C /* MenuFoodWireFrame.swift in Sources */ = {isa = PBXBuildFile; fileRef = A470B1A72411D3A400A13A6C /* MenuFoodWireFrame.swift */; };
		A4E29F1C241031AF00BC04B8 /* TableDetail.storyboard in Resources */ = {isa = PBXBuildFile; fileRef = A4E29F1B241031AF00BC04B8 /* TableDetail.storyboard */; };
		A4E29F1F2410348E00BC04B8 /* OrderDetail.storyboard in Resources */ = {isa = PBXBuildFile; fileRef = A4E29F1E2410348E00BC04B8 /* OrderDetail.storyboard */; };
		A4E29F222410368500BC04B8 /* MenuFood.storyboard in Resources */ = {isa = PBXBuildFile; fileRef = A4E29F212410368500BC04B8 /* MenuFood.storyboard */; };
		A4E29F24241037CF00BC04B8 /* CancelMenuItem.storyboard in Resources */ = {isa = PBXBuildFile; fileRef = A4E29F23241037CF00BC04B8 /* CancelMenuItem.storyboard */; };
		A4E29F2824103AE700BC04B8 /* NewMenuOption.storyboard in Resources */ = {isa = PBXBuildFile; fileRef = A4E29F2724103AE700BC04B8 /* NewMenuOption.storyboard */; };
		A4E29F302410560300BC04B8 /* LoginWaiterPresenter.swift in Sources */ = {isa = PBXBuildFile; fileRef = A4E29F292410560300BC04B8 /* LoginWaiterPresenter.swift */; };
		A4E29F312410560300BC04B8 /* LoginWaiterLocalDataManager.swift in Sources */ = {isa = PBXBuildFile; fileRef = A4E29F2A2410560300BC04B8 /* LoginWaiterLocalDataManager.swift */; };
		A4E29F322410560300BC04B8 /* LoginWaiterProtocols.swift in Sources */ = {isa = PBXBuildFile; fileRef = A4E29F2B2410560300BC04B8 /* LoginWaiterProtocols.swift */; };
		A4E29F332410560300BC04B8 /* LoginWaiterInteractor.swift in Sources */ = {isa = PBXBuildFile; fileRef = A4E29F2C2410560300BC04B8 /* LoginWaiterInteractor.swift */; };
		A4E29F342410560300BC04B8 /* LoginWaiterView.swift in Sources */ = {isa = PBXBuildFile; fileRef = A4E29F2D2410560300BC04B8 /* LoginWaiterView.swift */; };
		A4E29F352410560300BC04B8 /* LoginWaiterRemoteDataManager.swift in Sources */ = {isa = PBXBuildFile; fileRef = A4E29F2E2410560300BC04B8 /* LoginWaiterRemoteDataManager.swift */; };
		A4E29F362410560300BC04B8 /* LoginWaiterWireFrame.swift in Sources */ = {isa = PBXBuildFile; fileRef = A4E29F2F2410560300BC04B8 /* LoginWaiterWireFrame.swift */; };
		A4ED0544240F2A64008CF14C /* NewOrder.storyboard in Resources */ = {isa = PBXBuildFile; fileRef = A4ED0543240F2A64008CF14C /* NewOrder.storyboard */; };
		A4ED0547240F3215008CF14C /* TablesList.storyboard in Resources */ = {isa = PBXBuildFile; fileRef = A4ED0546240F3215008CF14C /* TablesList.storyboard */; };
/* End PBXBuildFile section */

/* Begin PBXFileReference section */
		A40476AF2412B406003B7741 /* WaiterList.storyboard */ = {isa = PBXFileReference; lastKnownFileType = file.storyboard; path = WaiterList.storyboard; sourceTree = "<group>"; };
		A40476B32412B713003B7741 /* DisableWaiter.storyboard */ = {isa = PBXFileReference; lastKnownFileType = file.storyboard; path = DisableWaiter.storyboard; sourceTree = "<group>"; };
		A40476B62412B863003B7741 /* NewWaiter.storyboard */ = {isa = PBXFileReference; lastKnownFileType = file.storyboard; path = NewWaiter.storyboard; sourceTree = "<group>"; };
		A40476B92412B9B1003B7741 /* ShowAccount.storyboard */ = {isa = PBXFileReference; lastKnownFileType = file.storyboard; path = ShowAccount.storyboard; sourceTree = "<group>"; };
		A40476BE2412BFC4003B7741 /* EditAccount.storyboard */ = {isa = PBXFileReference; lastKnownFileType = file.storyboard; path = EditAccount.storyboard; sourceTree = "<group>"; };
		A40476C02412C051003B7741 /* SalesDay.storyboard */ = {isa = PBXFileReference; lastKnownFileType = file.storyboard; path = SalesDay.storyboard; sourceTree = "<group>"; };
		A40476C42412C076003B7741 /* SalesMonth.storyboard */ = {isa = PBXFileReference; lastKnownFileType = file.storyboard; path = SalesMonth.storyboard; sourceTree = "<group>"; };
		A40476C72412D1AC003B7741 /* SelectDate.storyboard */ = {isa = PBXFileReference; lastKnownFileType = file.storyboard; path = SelectDate.storyboard; sourceTree = "<group>"; };
		A41CA737240D986900B0F9BD /* WaiterLogin.storyboard */ = {isa = PBXFileReference; lastKnownFileType = file.storyboard; path = WaiterLogin.storyboard; sourceTree = "<group>"; };
		A41CA73A240DB36200B0F9BD /* RegisterPresenter.swift */ = {isa = PBXFileReference; lastKnownFileType = sourcecode.swift; path = RegisterPresenter.swift; sourceTree = "<group>"; };
		A41CA73B240DB36200B0F9BD /* RegisterLocalDataManager.swift */ = {isa = PBXFileReference; lastKnownFileType = sourcecode.swift; path = RegisterLocalDataManager.swift; sourceTree = "<group>"; };
		A41CA73C240DB36200B0F9BD /* RegisterProtocols.swift */ = {isa = PBXFileReference; lastKnownFileType = sourcecode.swift; path = RegisterProtocols.swift; sourceTree = "<group>"; };
		A41CA73D240DB36200B0F9BD /* RegisterInteractor.swift */ = {isa = PBXFileReference; lastKnownFileType = sourcecode.swift; path = RegisterInteractor.swift; sourceTree = "<group>"; };
		A41CA73E240DB36200B0F9BD /* RegisterView.swift */ = {isa = PBXFileReference; lastKnownFileType = sourcecode.swift; path = RegisterView.swift; sourceTree = "<group>"; };
		A41CA73F240DB36200B0F9BD /* RegisterRemoteDataManager.swift */ = {isa = PBXFileReference; lastKnownFileType = sourcecode.swift; path = RegisterRemoteDataManager.swift; sourceTree = "<group>"; };
		A41CA740240DB36200B0F9BD /* RegisterWireFrame.swift */ = {isa = PBXFileReference; lastKnownFileType = sourcecode.swift; path = RegisterWireFrame.swift; sourceTree = "<group>"; };
		A41CA74A240DB38600B0F9BD /* Register.storyboard */ = {isa = PBXFileReference; lastKnownFileType = file.storyboard; path = Register.storyboard; sourceTree = "<group>"; };
		A41CA74D240DB8BE00B0F9BD /* ValidateRegister.storyboard */ = {isa = PBXFileReference; lastKnownFileType = file.storyboard; path = ValidateRegister.storyboard; sourceTree = "<group>"; };
		A41CA751240DBE2200B0F9BD /* RequestCode.storyboard */ = {isa = PBXFileReference; lastKnownFileType = file.storyboard; path = RequestCode.storyboard; sourceTree = "<group>"; };
		A41CA754240DC32800B0F9BD /* NewPassword.storyboard */ = {isa = PBXFileReference; lastKnownFileType = file.storyboard; path = NewPassword.storyboard; sourceTree = "<group>"; };
		A41CA757240DD00700B0F9BD /* Menu.storyboard */ = {isa = PBXFileReference; lastKnownFileType = file.storyboard; path = Menu.storyboard; sourceTree = "<group>"; };
		A41CA75A240DD6C600B0F9BD /* OrderList.storyboard */ = {isa = PBXFileReference; lastKnownFileType = file.storyboard; path = OrderList.storyboard; sourceTree = "<group>"; };
		A41CA75D240DDB2600B0F9BD /* MenuBottom.storyboard */ = {isa = PBXFileReference; lastKnownFileType = file.storyboard; path = MenuBottom.storyboard; sourceTree = "<group>"; };
		A42D78FB2409C19D0099B854 /* LoginAdminPresenter.swift */ = {isa = PBXFileReference; lastKnownFileType = sourcecode.swift; path = LoginAdminPresenter.swift; sourceTree = "<group>"; };
		A42D78FC2409C19D0099B854 /* LoginAdminLocalDataManager.swift */ = {isa = PBXFileReference; lastKnownFileType = sourcecode.swift; path = LoginAdminLocalDataManager.swift; sourceTree = "<group>"; };
		A42D78FD2409C19D0099B854 /* LoginAdminProtocols.swift */ = {isa = PBXFileReference; lastKnownFileType = sourcecode.swift; path = LoginAdminProtocols.swift; sourceTree = "<group>"; };
		A42D78FE2409C19D0099B854 /* LoginAdminInteractor.swift */ = {isa = PBXFileReference; lastKnownFileType = sourcecode.swift; path = LoginAdminInteractor.swift; sourceTree = "<group>"; };
		A42D78FF2409C19D0099B854 /* LoginAdminView.swift */ = {isa = PBXFileReference; lastKnownFileType = sourcecode.swift; path = LoginAdminView.swift; sourceTree = "<group>"; };
		A42D79002409C19D0099B854 /* LoginAdminRemoteDataManager.swift */ = {isa = PBXFileReference; lastKnownFileType = sourcecode.swift; path = LoginAdminRemoteDataManager.swift; sourceTree = "<group>"; };
		A42D79012409C19D0099B854 /* LoginAdminWireFrame.swift */ = {isa = PBXFileReference; lastKnownFileType = sourcecode.swift; path = LoginAdminWireFrame.swift; sourceTree = "<group>"; };
		A42D79092409C1CB0099B854 /* AdminLogin.storyboard */ = {isa = PBXFileReference; lastKnownFileType = file.storyboard; path = AdminLogin.storyboard; sourceTree = "<group>"; };
		A43CA2092409B53600BD547F /* Tatun.app */ = {isa = PBXFileReference; explicitFileType = wrapper.application; includeInIndex = 0; path = Tatun.app; sourceTree = BUILT_PRODUCTS_DIR; };
		A43CA20C2409B53600BD547F /* AppDelegate.swift */ = {isa = PBXFileReference; lastKnownFileType = sourcecode.swift; path = AppDelegate.swift; sourceTree = "<group>"; };
		A43CA20E2409B53600BD547F /* SceneDelegate.swift */ = {isa = PBXFileReference; lastKnownFileType = sourcecode.swift; path = SceneDelegate.swift; sourceTree = "<group>"; };
		A43CA2152409B53800BD547F /* Assets.xcassets */ = {isa = PBXFileReference; lastKnownFileType = folder.assetcatalog; path = Assets.xcassets; sourceTree = "<group>"; };
		A43CA2182409B53800BD547F /* Base */ = {isa = PBXFileReference; lastKnownFileType = file.storyboard; name = Base; path = Base.lproj/LaunchScreen.storyboard; sourceTree = "<group>"; };
		A43CA21A2409B53800BD547F /* Info.plist */ = {isa = PBXFileReference; lastKnownFileType = text.plist.xml; path = Info.plist; sourceTree = "<group>"; };
		A43CA2352409B71D00BD547F /* Montserrat-Regular.ttf */ = {isa = PBXFileReference; lastKnownFileType = file; path = "Montserrat-Regular.ttf"; sourceTree = "<group>"; };
		A43CA2362409B71D00BD547F /* Montserrat-Medium.ttf */ = {isa = PBXFileReference; lastKnownFileType = file; path = "Montserrat-Medium.ttf"; sourceTree = "<group>"; };
		A43CA2372409B71D00BD547F /* Montserrat-SemiBold.ttf */ = {isa = PBXFileReference; lastKnownFileType = file; path = "Montserrat-SemiBold.ttf"; sourceTree = "<group>"; };
		A43CA2382409B71D00BD547F /* Montserrat-Bold.ttf */ = {isa = PBXFileReference; lastKnownFileType = file; path = "Montserrat-Bold.ttf"; sourceTree = "<group>"; };
		A43CA2392409B71D00BD547F /* Montserrat-Light.ttf */ = {isa = PBXFileReference; lastKnownFileType = file; path = "Montserrat-Light.ttf"; sourceTree = "<group>"; };
		A470B158241174E200A13A6C /* RequestCodePresenter.swift */ = {isa = PBXFileReference; lastKnownFileType = sourcecode.swift; path = RequestCodePresenter.swift; sourceTree = "<group>"; };
		A470B159241174E200A13A6C /* RequestCodeLocalDataManager.swift */ = {isa = PBXFileReference; lastKnownFileType = sourcecode.swift; path = RequestCodeLocalDataManager.swift; sourceTree = "<group>"; };
		A470B15A241174E200A13A6C /* RequestCodeProtocols.swift */ = {isa = PBXFileReference; lastKnownFileType = sourcecode.swift; path = RequestCodeProtocols.swift; sourceTree = "<group>"; };
		A470B15B241174E200A13A6C /* RequestCodeInteractor.swift */ = {isa = PBXFileReference; lastKnownFileType = sourcecode.swift; path = RequestCodeInteractor.swift; sourceTree = "<group>"; };
		A470B15C241174E200A13A6C /* RequestCodeView.swift */ = {isa = PBXFileReference; lastKnownFileType = sourcecode.swift; path = RequestCodeView.swift; sourceTree = "<group>"; };
		A470B15D241174E200A13A6C /* RequestCodeRemoteDataManager.swift */ = {isa = PBXFileReference; lastKnownFileType = sourcecode.swift; path = RequestCodeRemoteDataManager.swift; sourceTree = "<group>"; };
		A470B15E241174E200A13A6C /* RequestCodeWireFrame.swift */ = {isa = PBXFileReference; lastKnownFileType = sourcecode.swift; path = RequestCodeWireFrame.swift; sourceTree = "<group>"; };
		A470B16624117EB400A13A6C /* GlobalFunctions.swift */ = {isa = PBXFileReference; lastKnownFileType = sourcecode.swift; path = GlobalFunctions.swift; sourceTree = "<group>"; };
		A470B1692411877300A13A6C /* NewPasswordPresenter.swift */ = {isa = PBXFileReference; lastKnownFileType = sourcecode.swift; path = NewPasswordPresenter.swift; sourceTree = "<group>"; };
		A470B16A2411877300A13A6C /* NewPasswordLocalDataManager.swift */ = {isa = PBXFileReference; lastKnownFileType = sourcecode.swift; path = NewPasswordLocalDataManager.swift; sourceTree = "<group>"; };
		A470B16B2411877300A13A6C /* NewPasswordProtocols.swift */ = {isa = PBXFileReference; lastKnownFileType = sourcecode.swift; path = NewPasswordProtocols.swift; sourceTree = "<group>"; };
		A470B16C2411877300A13A6C /* NewPasswordInteractor.swift */ = {isa = PBXFileReference; lastKnownFileType = sourcecode.swift; path = NewPasswordInteractor.swift; sourceTree = "<group>"; };
		A470B16D2411877300A13A6C /* NewPasswordView.swift */ = {isa = PBXFileReference; lastKnownFileType = sourcecode.swift; path = NewPasswordView.swift; sourceTree = "<group>"; };
		A470B16E2411877300A13A6C /* NewPasswordRemoteDataManager.swift */ = {isa = PBXFileReference; lastKnownFileType = sourcecode.swift; path = NewPasswordRemoteDataManager.swift; sourceTree = "<group>"; };
		A470B16F2411877300A13A6C /* NewPasswordWireFrame.swift */ = {isa = PBXFileReference; lastKnownFileType = sourcecode.swift; path = NewPasswordWireFrame.swift; sourceTree = "<group>"; };
		A470B1772411B1C000A13A6C /* OrderListPresenter.swift */ = {isa = PBXFileReference; lastKnownFileType = sourcecode.swift; path = OrderListPresenter.swift; sourceTree = "<group>"; };
		A470B1782411B1C000A13A6C /* OrderListLocalDataManager.swift */ = {isa = PBXFileReference; lastKnownFileType = sourcecode.swift; path = OrderListLocalDataManager.swift; sourceTree = "<group>"; };
		A470B1792411B1C000A13A6C /* OrderListProtocols.swift */ = {isa = PBXFileReference; lastKnownFileType = sourcecode.swift; path = OrderListProtocols.swift; sourceTree = "<group>"; };
		A470B17A2411B1C000A13A6C /* OrderListInteractor.swift */ = {isa = PBXFileReference; lastKnownFileType = sourcecode.swift; path = OrderListInteractor.swift; sourceTree = "<group>"; };
		A470B17B2411B1C000A13A6C /* OrderListView.swift */ = {isa = PBXFileReference; lastKnownFileType = sourcecode.swift; path = OrderListView.swift; sourceTree = "<group>"; };
		A470B17C2411B1C000A13A6C /* OrderListRemoteDataManager.swift */ = {isa = PBXFileReference; lastKnownFileType = sourcecode.swift; path = OrderListRemoteDataManager.swift; sourceTree = "<group>"; };
		A470B17D2411B1C000A13A6C /* OrderListWireFrame.swift */ = {isa = PBXFileReference; lastKnownFileType = sourcecode.swift; path = OrderListWireFrame.swift; sourceTree = "<group>"; };
		A470B1852411BB4400A13A6C /* NewOrderPresenter.swift */ = {isa = PBXFileReference; lastKnownFileType = sourcecode.swift; path = NewOrderPresenter.swift; sourceTree = "<group>"; };
		A470B1862411BB4400A13A6C /* NewOrderLocalDataManager.swift */ = {isa = PBXFileReference; lastKnownFileType = sourcecode.swift; path = NewOrderLocalDataManager.swift; sourceTree = "<group>"; };
		A470B1872411BB4400A13A6C /* NewOrderProtocols.swift */ = {isa = PBXFileReference; lastKnownFileType = sourcecode.swift; path = NewOrderProtocols.swift; sourceTree = "<group>"; };
		A470B1882411BB4400A13A6C /* NewOrderInteractor.swift */ = {isa = PBXFileReference; lastKnownFileType = sourcecode.swift; path = NewOrderInteractor.swift; sourceTree = "<group>"; };
		A470B1892411BB4400A13A6C /* NewOrderView.swift */ = {isa = PBXFileReference; lastKnownFileType = sourcecode.swift; path = NewOrderView.swift; sourceTree = "<group>"; };
		A470B18A2411BB4400A13A6C /* NewOrderRemoteDataManager.swift */ = {isa = PBXFileReference; lastKnownFileType = sourcecode.swift; path = NewOrderRemoteDataManager.swift; sourceTree = "<group>"; };
		A470B18B2411BB4400A13A6C /* NewOrderWireFrame.swift */ = {isa = PBXFileReference; lastKnownFileType = sourcecode.swift; path = NewOrderWireFrame.swift; sourceTree = "<group>"; };
		A470B1932411C20F00A13A6C /* MenuPresenter.swift */ = {isa = PBXFileReference; lastKnownFileType = sourcecode.swift; path = MenuPresenter.swift; sourceTree = "<group>"; };
		A470B1942411C20F00A13A6C /* MenuLocalDataManager.swift */ = {isa = PBXFileReference; lastKnownFileType = sourcecode.swift; path = MenuLocalDataManager.swift; sourceTree = "<group>"; };
		A470B1952411C20F00A13A6C /* MenuProtocols.swift */ = {isa = PBXFileReference; lastKnownFileType = sourcecode.swift; path = MenuProtocols.swift; sourceTree = "<group>"; };
		A470B1962411C20F00A13A6C /* MenuInteractor.swift */ = {isa = PBXFileReference; lastKnownFileType = sourcecode.swift; path = MenuInteractor.swift; sourceTree = "<group>"; };
		A470B1972411C20F00A13A6C /* MenuView.swift */ = {isa = PBXFileReference; lastKnownFileType = sourcecode.swift; path = MenuView.swift; sourceTree = "<group>"; };
		A470B1982411C20F00A13A6C /* MenuRemoteDataManager.swift */ = {isa = PBXFileReference; lastKnownFileType = sourcecode.swift; path = MenuRemoteDataManager.swift; sourceTree = "<group>"; };
		A470B1992411C20F00A13A6C /* MenuWireFrame.swift */ = {isa = PBXFileReference; lastKnownFileType = sourcecode.swift; path = MenuWireFrame.swift; sourceTree = "<group>"; };
		A470B1A12411D3A400A13A6C /* MenuFoodPresenter.swift */ = {isa = PBXFileReference; lastKnownFileType = sourcecode.swift; path = MenuFoodPresenter.swift; sourceTree = "<group>"; };
		A470B1A22411D3A400A13A6C /* MenuFoodLocalDataManager.swift */ = {isa = PBXFileReference; lastKnownFileType = sourcecode.swift; path = MenuFoodLocalDataManager.swift; sourceTree = "<group>"; };
		A470B1A32411D3A400A13A6C /* MenuFoodProtocols.swift */ = {isa = PBXFileReference; lastKnownFileType = sourcecode.swift; path = MenuFoodProtocols.swift; sourceTree = "<group>"; };
		A470B1A42411D3A400A13A6C /* MenuFoodInteractor.swift */ = {isa = PBXFileReference; lastKnownFileType = sourcecode.swift; path = MenuFoodInteractor.swift; sourceTree = "<group>"; };
		A470B1A52411D3A400A13A6C /* MenuFoodView.swift */ = {isa = PBXFileReference; lastKnownFileType = sourcecode.swift; path = MenuFoodView.swift; sourceTree = "<group>"; };
		A470B1A62411D3A400A13A6C /* MenuFoodRemoteDataManager.swift */ = {isa = PBXFileReference; lastKnownFileType = sourcecode.swift; path = MenuFoodRemoteDataManager.swift; sourceTree = "<group>"; };
		A470B1A72411D3A400A13A6C /* MenuFoodWireFrame.swift */ = {isa = PBXFileReference; lastKnownFileType = sourcecode.swift; path = MenuFoodWireFrame.swift; sourceTree = "<group>"; };
		A4E29F1B241031AF00BC04B8 /* TableDetail.storyboard */ = {isa = PBXFileReference; lastKnownFileType = file.storyboard; path = TableDetail.storyboard; sourceTree = "<group>"; };
		A4E29F1E2410348E00BC04B8 /* OrderDetail.storyboard */ = {isa = PBXFileReference; lastKnownFileType = file.storyboard; path = OrderDetail.storyboard; sourceTree = "<group>"; };
		A4E29F212410368500BC04B8 /* MenuFood.storyboard */ = {isa = PBXFileReference; lastKnownFileType = file.storyboard; path = MenuFood.storyboard; sourceTree = "<group>"; };
		A4E29F23241037CF00BC04B8 /* CancelMenuItem.storyboard */ = {isa = PBXFileReference; lastKnownFileType = file.storyboard; path = CancelMenuItem.storyboard; sourceTree = "<group>"; };
		A4E29F2724103AE700BC04B8 /* NewMenuOption.storyboard */ = {isa = PBXFileReference; lastKnownFileType = file.storyboard; path = NewMenuOption.storyboard; sourceTree = "<group>"; };
		A4E29F292410560300BC04B8 /* LoginWaiterPresenter.swift */ = {isa = PBXFileReference; lastKnownFileType = sourcecode.swift; path = LoginWaiterPresenter.swift; sourceTree = "<group>"; };
		A4E29F2A2410560300BC04B8 /* LoginWaiterLocalDataManager.swift */ = {isa = PBXFileReference; lastKnownFileType = sourcecode.swift; path = LoginWaiterLocalDataManager.swift; sourceTree = "<group>"; };
		A4E29F2B2410560300BC04B8 /* LoginWaiterProtocols.swift */ = {isa = PBXFileReference; lastKnownFileType = sourcecode.swift; path = LoginWaiterProtocols.swift; sourceTree = "<group>"; };
		A4E29F2C2410560300BC04B8 /* LoginWaiterInteractor.swift */ = {isa = PBXFileReference; lastKnownFileType = sourcecode.swift; path = LoginWaiterInteractor.swift; sourceTree = "<group>"; };
		A4E29F2D2410560300BC04B8 /* LoginWaiterView.swift */ = {isa = PBXFileReference; lastKnownFileType = sourcecode.swift; path = LoginWaiterView.swift; sourceTree = "<group>"; };
		A4E29F2E2410560300BC04B8 /* LoginWaiterRemoteDataManager.swift */ = {isa = PBXFileReference; lastKnownFileType = sourcecode.swift; path = LoginWaiterRemoteDataManager.swift; sourceTree = "<group>"; };
		A4E29F2F2410560300BC04B8 /* LoginWaiterWireFrame.swift */ = {isa = PBXFileReference; lastKnownFileType = sourcecode.swift; path = LoginWaiterWireFrame.swift; sourceTree = "<group>"; };
		A4ED0543240F2A64008CF14C /* NewOrder.storyboard */ = {isa = PBXFileReference; lastKnownFileType = file.storyboard; path = NewOrder.storyboard; sourceTree = "<group>"; };
		A4ED0546240F3215008CF14C /* TablesList.storyboard */ = {isa = PBXFileReference; lastKnownFileType = file.storyboard; path = TablesList.storyboard; sourceTree = "<group>"; };
/* End PBXFileReference section */

/* Begin PBXFrameworksBuildPhase section */
		A43CA2062409B53600BD547F /* Frameworks */ = {
			isa = PBXFrameworksBuildPhase;
			buildActionMask = 2147483647;
			files = (
			);
			runOnlyForDeploymentPostprocessing = 0;
		};
/* End PBXFrameworksBuildPhase section */

/* Begin PBXGroup section */
		A40476AE2412B2F9003B7741 /* WaitersList */ = {
			isa = PBXGroup;
			children = (
				A40476AF2412B406003B7741 /* WaiterList.storyboard */,
			);
			path = WaitersList;
			sourceTree = "<group>";
		};
		A40476B12412B6E3003B7741 /* Waiter */ = {
			isa = PBXGroup;
			children = (
				A40476B52412B806003B7741 /* NewWaiter */,
				A40476B22412B6EA003B7741 /* DisableWaiter */,
				A40476AE2412B2F9003B7741 /* WaitersList */,
			);
			path = Waiter;
			sourceTree = "<group>";
		};
		A40476B22412B6EA003B7741 /* DisableWaiter */ = {
			isa = PBXGroup;
			children = (
				A40476B32412B713003B7741 /* DisableWaiter.storyboard */,
			);
			path = DisableWaiter;
			sourceTree = "<group>";
		};
		A40476B52412B806003B7741 /* NewWaiter */ = {
			isa = PBXGroup;
			children = (
				A40476B62412B863003B7741 /* NewWaiter.storyboard */,
			);
			path = NewWaiter;
			sourceTree = "<group>";
		};
		A40476B82412B99E003B7741 /* Account */ = {
			isa = PBXGroup;
			children = (
				A40476BD2412BFB3003B7741 /* EditAccount */,
				A40476BC2412BFAA003B7741 /* ShowAccount */,
			);
			path = Account;
			sourceTree = "<group>";
		};
		A40476BB2412BF84003B7741 /* Sales */ = {
			isa = PBXGroup;
			children = (
				A40476C62412D187003B7741 /* SelectDate */,
				A40476C32412C064003B7741 /* SalesMonth */,
				A40476C22412C058003B7741 /* SalesDay */,
			);
			path = Sales;
			sourceTree = "<group>";
		};
		A40476BC2412BFAA003B7741 /* ShowAccount */ = {
			isa = PBXGroup;
			children = (
				A40476B92412B9B1003B7741 /* ShowAccount.storyboard */,
			);
			path = ShowAccount;
			sourceTree = "<group>";
		};
		A40476BD2412BFB3003B7741 /* EditAccount */ = {
			isa = PBXGroup;
			children = (
				A40476BE2412BFC4003B7741 /* EditAccount.storyboard */,
			);
			path = EditAccount;
			sourceTree = "<group>";
		};
		A40476C22412C058003B7741 /* SalesDay */ = {
			isa = PBXGroup;
			children = (
				A40476C02412C051003B7741 /* SalesDay.storyboard */,
			);
			path = SalesDay;
			sourceTree = "<group>";
		};
		A40476C32412C064003B7741 /* SalesMonth */ = {
			isa = PBXGroup;
			children = (
				A40476C42412C076003B7741 /* SalesMonth.storyboard */,
			);
			path = SalesMonth;
			sourceTree = "<group>";
		};
		A40476C62412D187003B7741 /* SelectDate */ = {
			isa = PBXGroup;
			children = (
				A40476C72412D1AC003B7741 /* SelectDate.storyboard */,
			);
			path = SelectDate;
			sourceTree = "<group>";
		};
		A41CA736240D985800B0F9BD /* LoginWaiter */ = {
			isa = PBXGroup;
			children = (
				A41CA737240D986900B0F9BD /* WaiterLogin.storyboard */,
				A4E29F292410560300BC04B8 /* LoginWaiterPresenter.swift */,
				A4E29F2A2410560300BC04B8 /* LoginWaiterLocalDataManager.swift */,
				A4E29F2B2410560300BC04B8 /* LoginWaiterProtocols.swift */,
				A4E29F2C2410560300BC04B8 /* LoginWaiterInteractor.swift */,
				A4E29F2D2410560300BC04B8 /* LoginWaiterView.swift */,
				A4E29F2E2410560300BC04B8 /* LoginWaiterRemoteDataManager.swift */,
				A4E29F2F2410560300BC04B8 /* LoginWaiterWireFrame.swift */,
			);
			path = LoginWaiter;
			sourceTree = "<group>";
		};
		A41CA739240DB34600B0F9BD /* Register */ = {
			isa = PBXGroup;
			children = (
				A41CA73A240DB36200B0F9BD /* RegisterPresenter.swift */,
				A41CA73B240DB36200B0F9BD /* RegisterLocalDataManager.swift */,
				A41CA73C240DB36200B0F9BD /* RegisterProtocols.swift */,
				A41CA73D240DB36200B0F9BD /* RegisterInteractor.swift */,
				A41CA73E240DB36200B0F9BD /* RegisterView.swift */,
				A41CA73F240DB36200B0F9BD /* RegisterRemoteDataManager.swift */,
				A41CA740240DB36200B0F9BD /* RegisterWireFrame.swift */,
				A41CA74A240DB38600B0F9BD /* Register.storyboard */,
			);
			path = Register;
			sourceTree = "<group>";
		};
		A41CA74C240DB89F00B0F9BD /* ValidateRegister */ = {
			isa = PBXGroup;
			children = (
				A41CA74D240DB8BE00B0F9BD /* ValidateRegister.storyboard */,
			);
			path = ValidateRegister;
			sourceTree = "<group>";
		};
		A41CA74F240DBDE100B0F9BD /* RecoveryPassword */ = {
			isa = PBXGroup;
			children = (
				A41CA753240DC31500B0F9BD /* NewPassword */,
				A41CA750240DBE0500B0F9BD /* RequestCode */,
			);
			path = RecoveryPassword;
			sourceTree = "<group>";
		};
		A41CA750240DBE0500B0F9BD /* RequestCode */ = {
			isa = PBXGroup;
			children = (
				A41CA751240DBE2200B0F9BD /* RequestCode.storyboard */,
				A470B158241174E200A13A6C /* RequestCodePresenter.swift */,
				A470B159241174E200A13A6C /* RequestCodeLocalDataManager.swift */,
				A470B15A241174E200A13A6C /* RequestCodeProtocols.swift */,
				A470B15B241174E200A13A6C /* RequestCodeInteractor.swift */,
				A470B15C241174E200A13A6C /* RequestCodeView.swift */,
				A470B15D241174E200A13A6C /* RequestCodeRemoteDataManager.swift */,
				A470B15E241174E200A13A6C /* RequestCodeWireFrame.swift */,
			);
			path = RequestCode;
			sourceTree = "<group>";
		};
		A41CA753240DC31500B0F9BD /* NewPassword */ = {
			isa = PBXGroup;
			children = (
				A41CA754240DC32800B0F9BD /* NewPassword.storyboard */,
				A470B1692411877300A13A6C /* NewPasswordPresenter.swift */,
				A470B16A2411877300A13A6C /* NewPasswordLocalDataManager.swift */,
				A470B16B2411877300A13A6C /* NewPasswordProtocols.swift */,
				A470B16C2411877300A13A6C /* NewPasswordInteractor.swift */,
				A470B16D2411877300A13A6C /* NewPasswordView.swift */,
				A470B16E2411877300A13A6C /* NewPasswordRemoteDataManager.swift */,
				A470B16F2411877300A13A6C /* NewPasswordWireFrame.swift */,
			);
			path = NewPassword;
			sourceTree = "<group>";
		};
		A41CA756240DCFF700B0F9BD /* Menu */ = {
			isa = PBXGroup;
			children = (
				A41CA757240DD00700B0F9BD /* Menu.storyboard */,
				A470B1932411C20F00A13A6C /* MenuPresenter.swift */,
				A470B1942411C20F00A13A6C /* MenuLocalDataManager.swift */,
				A470B1952411C20F00A13A6C /* MenuProtocols.swift */,
				A470B1962411C20F00A13A6C /* MenuInteractor.swift */,
				A470B1972411C20F00A13A6C /* MenuView.swift */,
				A470B1982411C20F00A13A6C /* MenuRemoteDataManager.swift */,
				A470B1992411C20F00A13A6C /* MenuWireFrame.swift */,
			);
			path = Menu;
			sourceTree = "<group>";
		};
		A41CA759240DD6B400B0F9BD /* OrderList */ = {
			isa = PBXGroup;
			children = (
				A41CA75A240DD6C600B0F9BD /* OrderList.storyboard */,
				A470B1772411B1C000A13A6C /* OrderListPresenter.swift */,
				A470B1782411B1C000A13A6C /* OrderListLocalDataManager.swift */,
				A470B1792411B1C000A13A6C /* OrderListProtocols.swift */,
				A470B17A2411B1C000A13A6C /* OrderListInteractor.swift */,
				A470B17B2411B1C000A13A6C /* OrderListView.swift */,
				A470B17C2411B1C000A13A6C /* OrderListRemoteDataManager.swift */,
				A470B17D2411B1C000A13A6C /* OrderListWireFrame.swift */,
			);
			path = OrderList;
			sourceTree = "<group>";
		};
		A41CA75C240DDB1600B0F9BD /* MenuBottom */ = {
			isa = PBXGroup;
			children = (
				A41CA75D240DDB2600B0F9BD /* MenuBottom.storyboard */,
			);
			path = MenuBottom;
			sourceTree = "<group>";
		};
		A42D78FA2409C1270099B854 /* LoginAdmin */ = {
			isa = PBXGroup;
			children = (
				A42D78FB2409C19D0099B854 /* LoginAdminPresenter.swift */,
				A42D78FC2409C19D0099B854 /* LoginAdminLocalDataManager.swift */,
				A42D78FD2409C19D0099B854 /* LoginAdminProtocols.swift */,
				A42D78FE2409C19D0099B854 /* LoginAdminInteractor.swift */,
				A42D78FF2409C19D0099B854 /* LoginAdminView.swift */,
				A42D79002409C19D0099B854 /* LoginAdminRemoteDataManager.swift */,
				A42D79012409C19D0099B854 /* LoginAdminWireFrame.swift */,
				A42D79092409C1CB0099B854 /* AdminLogin.storyboard */,
			);
			path = LoginAdmin;
			sourceTree = "<group>";
		};
		A43CA2002409B53600BD547F = {
			isa = PBXGroup;
			children = (
				A43CA20B2409B53600BD547F /* Tatun */,
				A43CA20A2409B53600BD547F /* Products */,
			);
			sourceTree = "<group>";
		};
		A43CA20A2409B53600BD547F /* Products */ = {
			isa = PBXGroup;
			children = (
				A43CA2092409B53600BD547F /* Tatun.app */,
			);
			name = Products;
			sourceTree = "<group>";
		};
		A43CA20B2409B53600BD547F /* Tatun */ = {
			isa = PBXGroup;
			children = (
				A43CA2342409B6D800BD547F /* Frameworks */,
				A43CA2322409B5A400BD547F /* Global */,
				A43CA2212409B55D00BD547F /* Source */,
				A43CA2202409B55300BD547F /* Modules */,
			);
			path = Tatun;
			sourceTree = "<group>";
		};
		A43CA2202409B55300BD547F /* Modules */ = {
			isa = PBXGroup;
			children = (
				A40476BB2412BF84003B7741 /* Sales */,
				A40476B82412B99E003B7741 /* Account */,
				A40476B12412B6E3003B7741 /* Waiter */,
				A4E29F26241038C900BC04B8 /* NewMenuOption */,
				A4E29F252410382900BC04B8 /* CancelMenuItem */,
				A4E29F202410364100BC04B8 /* MenuFood */,
				A4E29F1D2410347600BC04B8 /* OrderDetail */,
				A4E29F1A2410316200BC04B8 /* TableDetail */,
				A4ED0545240F3201008CF14C /* TablesList */,
				A4ED0542240F2A4C008CF14C /* NewOrder */,
				A41CA75C240DDB1600B0F9BD /* MenuBottom */,
				A41CA759240DD6B400B0F9BD /* OrderList */,
				A41CA756240DCFF700B0F9BD /* Menu */,
				A41CA74F240DBDE100B0F9BD /* RecoveryPassword */,
				A41CA74C240DB89F00B0F9BD /* ValidateRegister */,
				A41CA739240DB34600B0F9BD /* Register */,
				A41CA736240D985800B0F9BD /* LoginWaiter */,
				A42D78FA2409C1270099B854 /* LoginAdmin */,
				A43CA2332409B6B100BD547F /* LaunchScreen */,
			);
			path = Modules;
			sourceTree = "<group>";
		};
		A43CA2212409B55D00BD547F /* Source */ = {
			isa = PBXGroup;
			children = (
				A43CA21A2409B53800BD547F /* Info.plist */,
				A43CA2152409B53800BD547F /* Assets.xcassets */,
				A43CA20C2409B53600BD547F /* AppDelegate.swift */,
				A43CA20E2409B53600BD547F /* SceneDelegate.swift */,
				A43CA2222409B56300BD547F /* Fonts */,
			);
			path = Source;
			sourceTree = "<group>";
		};
		A43CA2222409B56300BD547F /* Fonts */ = {
			isa = PBXGroup;
			children = (
				A43CA23F2409B72300BD547F /* Montserrat */,
			);
			path = Fonts;
			sourceTree = "<group>";
		};
		A43CA2322409B5A400BD547F /* Global */ = {
			isa = PBXGroup;
			children = (
				A470B16624117EB400A13A6C /* GlobalFunctions.swift */,
			);
			path = Global;
			sourceTree = "<group>";
		};
		A43CA2332409B6B100BD547F /* LaunchScreen */ = {
			isa = PBXGroup;
			children = (
				A43CA2172409B53800BD547F /* LaunchScreen.storyboard */,
			);
			path = LaunchScreen;
			sourceTree = "<group>";
		};
		A43CA2342409B6D800BD547F /* Frameworks */ = {
			isa = PBXGroup;
			children = (
			);
			path = Frameworks;
			sourceTree = "<group>";
		};
		A43CA23F2409B72300BD547F /* Montserrat */ = {
			isa = PBXGroup;
			children = (
				A43CA2382409B71D00BD547F /* Montserrat-Bold.ttf */,
				A43CA2392409B71D00BD547F /* Montserrat-Light.ttf */,
				A43CA2362409B71D00BD547F /* Montserrat-Medium.ttf */,
				A43CA2352409B71D00BD547F /* Montserrat-Regular.ttf */,
				A43CA2372409B71D00BD547F /* Montserrat-SemiBold.ttf */,
			);
			path = Montserrat;
			sourceTree = "<group>";
		};
		A4E29F1A2410316200BC04B8 /* TableDetail */ = {
			isa = PBXGroup;
			children = (
				A4E29F1B241031AF00BC04B8 /* TableDetail.storyboard */,
			);
			path = TableDetail;
			sourceTree = "<group>";
		};
		A4E29F1D2410347600BC04B8 /* OrderDetail */ = {
			isa = PBXGroup;
			children = (
				A4E29F1E2410348E00BC04B8 /* OrderDetail.storyboard */,
			);
			path = OrderDetail;
			sourceTree = "<group>";
		};
		A4E29F202410364100BC04B8 /* MenuFood */ = {
			isa = PBXGroup;
			children = (
				A4E29F212410368500BC04B8 /* MenuFood.storyboard */,
				A470B1A12411D3A400A13A6C /* MenuFoodPresenter.swift */,
				A470B1A22411D3A400A13A6C /* MenuFoodLocalDataManager.swift */,
				A470B1A32411D3A400A13A6C /* MenuFoodProtocols.swift */,
				A470B1A42411D3A400A13A6C /* MenuFoodInteractor.swift */,
				A470B1A52411D3A400A13A6C /* MenuFoodView.swift */,
				A470B1A62411D3A400A13A6C /* MenuFoodRemoteDataManager.swift */,
				A470B1A72411D3A400A13A6C /* MenuFoodWireFrame.swift */,
			);
			path = MenuFood;
			sourceTree = "<group>";
		};
		A4E29F252410382900BC04B8 /* CancelMenuItem */ = {
			isa = PBXGroup;
			children = (
				A4E29F23241037CF00BC04B8 /* CancelMenuItem.storyboard */,
			);
			path = CancelMenuItem;
			sourceTree = "<group>";
		};
		A4E29F26241038C900BC04B8 /* NewMenuOption */ = {
			isa = PBXGroup;
			children = (
				A4E29F2724103AE700BC04B8 /* NewMenuOption.storyboard */,
			);
			path = NewMenuOption;
			sourceTree = "<group>";
		};
		A4ED0542240F2A4C008CF14C /* NewOrder */ = {
			isa = PBXGroup;
			children = (
				A4ED0543240F2A64008CF14C /* NewOrder.storyboard */,
				A470B1852411BB4400A13A6C /* NewOrderPresenter.swift */,
				A470B1862411BB4400A13A6C /* NewOrderLocalDataManager.swift */,
				A470B1872411BB4400A13A6C /* NewOrderProtocols.swift */,
				A470B1882411BB4400A13A6C /* NewOrderInteractor.swift */,
				A470B1892411BB4400A13A6C /* NewOrderView.swift */,
				A470B18A2411BB4400A13A6C /* NewOrderRemoteDataManager.swift */,
				A470B18B2411BB4400A13A6C /* NewOrderWireFrame.swift */,
			);
			path = NewOrder;
			sourceTree = "<group>";
		};
		A4ED0545240F3201008CF14C /* TablesList */ = {
			isa = PBXGroup;
			children = (
				A4ED0546240F3215008CF14C /* TablesList.storyboard */,
			);
			path = TablesList;
			sourceTree = "<group>";
		};
/* End PBXGroup section */

/* Begin PBXNativeTarget section */
		A43CA2082409B53600BD547F /* Tatun */ = {
			isa = PBXNativeTarget;
			buildConfigurationList = A43CA21D2409B53800BD547F /* Build configuration list for PBXNativeTarget "Tatun" */;
			buildPhases = (
				A43CA2052409B53600BD547F /* Sources */,
				A43CA2062409B53600BD547F /* Frameworks */,
				A43CA2072409B53600BD547F /* Resources */,
			);
			buildRules = (
			);
			dependencies = (
			);
			name = Tatun;
			productName = Tatun;
			productReference = A43CA2092409B53600BD547F /* Tatun.app */;
			productType = "com.apple.product-type.application";
		};
/* End PBXNativeTarget section */

/* Begin PBXProject section */
		A43CA2012409B53600BD547F /* Project object */ = {
			isa = PBXProject;
			attributes = {
				LastSwiftUpdateCheck = 1130;
				LastUpgradeCheck = 1130;
				ORGANIZATIONNAME = CS;
				TargetAttributes = {
					A43CA2082409B53600BD547F = {
						CreatedOnToolsVersion = 11.3.1;
					};
				};
			};
			buildConfigurationList = A43CA2042409B53600BD547F /* Build configuration list for PBXProject "Tatun" */;
			compatibilityVersion = "Xcode 9.3";
			developmentRegion = en;
			hasScannedForEncodings = 0;
			knownRegions = (
				en,
				Base,
			);
			mainGroup = A43CA2002409B53600BD547F;
			productRefGroup = A43CA20A2409B53600BD547F /* Products */;
			projectDirPath = "";
			projectRoot = "";
			targets = (
				A43CA2082409B53600BD547F /* Tatun */,
			);
		};
/* End PBXProject section */

/* Begin PBXResourcesBuildPhase section */
		A43CA2072409B53600BD547F /* Resources */ = {
			isa = PBXResourcesBuildPhase;
			buildActionMask = 2147483647;
			files = (
				A43CA23C2409B71D00BD547F /* Montserrat-SemiBold.ttf in Resources */,
				A40476B42412B713003B7741 /* DisableWaiter.storyboard in Resources */,
				A40476C82412D1AC003B7741 /* SelectDate.storyboard in Resources */,
				A43CA23A2409B71D00BD547F /* Montserrat-Regular.ttf in Resources */,
				A41CA738240D986900B0F9BD /* WaiterLogin.storyboard in Resources */,
				A40476BF2412BFC4003B7741 /* EditAccount.storyboard in Resources */,
				A41CA74E240DB8BE00B0F9BD /* ValidateRegister.storyboard in Resources */,
				A4E29F1F2410348E00BC04B8 /* OrderDetail.storyboard in Resources */,
				A4E29F1C241031AF00BC04B8 /* TableDetail.storyboard in Resources */,
				A4E29F24241037CF00BC04B8 /* CancelMenuItem.storyboard in Resources */,
				A43CA23B2409B71D00BD547F /* Montserrat-Medium.ttf in Resources */,
				A41CA752240DBE2200B0F9BD /* RequestCode.storyboard in Resources */,
				A41CA75E240DDB2600B0F9BD /* MenuBottom.storyboard in Resources */,
				A40476C52412C076003B7741 /* SalesMonth.storyboard in Resources */,
				A40476C12412C051003B7741 /* SalesDay.storyboard in Resources */,
				A43CA2192409B53800BD547F /* LaunchScreen.storyboard in Resources */,
				A4E29F222410368500BC04B8 /* MenuFood.storyboard in Resources */,
				A4E29F2824103AE700BC04B8 /* NewMenuOption.storyboard in Resources */,
				A41CA758240DD00700B0F9BD /* Menu.storyboard in Resources */,
				A43CA23E2409B71D00BD547F /* Montserrat-Light.ttf in Resources */,
				A40476BA2412B9B1003B7741 /* ShowAccount.storyboard in Resources */,
				A43CA2162409B53800BD547F /* Assets.xcassets in Resources */,
				A42D790A2409C1CB0099B854 /* AdminLogin.storyboard in Resources */,
				A43CA23D2409B71D00BD547F /* Montserrat-Bold.ttf in Resources */,
				A41CA755240DC32800B0F9BD /* NewPassword.storyboard in Resources */,
				A41CA75B240DD6C600B0F9BD /* OrderList.storyboard in Resources */,
				A40476B02412B406003B7741 /* WaiterList.storyboard in Resources */,
				A4ED0547240F3215008CF14C /* TablesList.storyboard in Resources */,
				A40476B72412B863003B7741 /* NewWaiter.storyboard in Resources */,
				A4ED0544240F2A64008CF14C /* NewOrder.storyboard in Resources */,
				A41CA74B240DB38600B0F9BD /* Register.storyboard in Resources */,
			);
			runOnlyForDeploymentPostprocessing = 0;
		};
/* End PBXResourcesBuildPhase section */

/* Begin PBXSourcesBuildPhase section */
		A43CA2052409B53600BD547F /* Sources */ = {
			isa = PBXSourcesBuildPhase;
			buildActionMask = 2147483647;
			files = (
				A470B1742411877300A13A6C /* NewPasswordView.swift in Sources */,
				A470B161241174E200A13A6C /* RequestCodeProtocols.swift in Sources */,
				A470B17F2411B1C000A13A6C /* OrderListLocalDataManager.swift in Sources */,
				A41CA743240DB36200B0F9BD /* RegisterProtocols.swift in Sources */,
				A470B1832411B1C000A13A6C /* OrderListRemoteDataManager.swift in Sources */,
				A42D79052409C19D0099B854 /* LoginAdminInteractor.swift in Sources */,
				A470B1812411B1C000A13A6C /* OrderListInteractor.swift in Sources */,
				A470B19D2411C20F00A13A6C /* MenuInteractor.swift in Sources */,
				A470B1752411877300A13A6C /* NewPasswordRemoteDataManager.swift in Sources */,
				A470B19A2411C20F00A13A6C /* MenuPresenter.swift in Sources */,
				A470B18D2411BB4400A13A6C /* NewOrderLocalDataManager.swift in Sources */,
				A470B1A82411D3A400A13A6C /* MenuFoodPresenter.swift in Sources */,
				A4E29F332410560300BC04B8 /* LoginWaiterInteractor.swift in Sources */,
				A470B160241174E200A13A6C /* RequestCodeLocalDataManager.swift in Sources */,
				A43CA20D2409B53600BD547F /* AppDelegate.swift in Sources */,
				A470B17E2411B1C000A13A6C /* OrderListPresenter.swift in Sources */,
				A470B1AB2411D3A400A13A6C /* MenuFoodInteractor.swift in Sources */,
				A470B1A02411C20F00A13A6C /* MenuWireFrame.swift in Sources */,
				A470B162241174E200A13A6C /* RequestCodeInteractor.swift in Sources */,
				A470B1922411BB4400A13A6C /* NewOrderWireFrame.swift in Sources */,
				A470B163241174E200A13A6C /* RequestCodeView.swift in Sources */,
				A4E29F312410560300BC04B8 /* LoginWaiterLocalDataManager.swift in Sources */,
				A41CA745240DB36200B0F9BD /* RegisterView.swift in Sources */,
				A470B1702411877300A13A6C /* NewPasswordPresenter.swift in Sources */,
				A470B19B2411C20F00A13A6C /* MenuLocalDataManager.swift in Sources */,
				A470B19E2411C20F00A13A6C /* MenuView.swift in Sources */,
				A42D79022409C19D0099B854 /* LoginAdminPresenter.swift in Sources */,
				A470B1762411877300A13A6C /* NewPasswordWireFrame.swift in Sources */,
				A41CA742240DB36200B0F9BD /* RegisterLocalDataManager.swift in Sources */,
				A4E29F342410560300BC04B8 /* LoginWaiterView.swift in Sources */,
				A470B1902411BB4400A13A6C /* NewOrderView.swift in Sources */,
				A470B19F2411C20F00A13A6C /* MenuRemoteDataManager.swift in Sources */,
				A470B15F241174E200A13A6C /* RequestCodePresenter.swift in Sources */,
				A4E29F352410560300BC04B8 /* LoginWaiterRemoteDataManager.swift in Sources */,
				A470B1802411B1C000A13A6C /* OrderListProtocols.swift in Sources */,
				A470B165241174E200A13A6C /* RequestCodeWireFrame.swift in Sources */,
				A470B16724117EB400A13A6C /* GlobalFunctions.swift in Sources */,
				A470B1AC2411D3A400A13A6C /* MenuFoodView.swift in Sources */,
				A470B1712411877300A13A6C /* NewPasswordLocalDataManager.swift in Sources */,
				A470B18F2411BB4400A13A6C /* NewOrderInteractor.swift in Sources */,
				A42D79042409C19D0099B854 /* LoginAdminProtocols.swift in Sources */,
				A42D79032409C19D0099B854 /* LoginAdminLocalDataManager.swift in Sources */,
				A470B1AA2411D3A400A13A6C /* MenuFoodProtocols.swift in Sources */,
				A470B1822411B1C000A13A6C /* OrderListView.swift in Sources */,
				A470B164241174E200A13A6C /* RequestCodeRemoteDataManager.swift in Sources */,
				A41CA741240DB36200B0F9BD /* RegisterPresenter.swift in Sources */,
				A4E29F362410560300BC04B8 /* LoginWaiterWireFrame.swift in Sources */,
				A41CA747240DB36200B0F9BD /* RegisterWireFrame.swift in Sources */,
				A42D79072409C19D0099B854 /* LoginAdminRemoteDataManager.swift in Sources */,
				A470B19C2411C20F00A13A6C /* MenuProtocols.swift in Sources */,
				A470B1732411877300A13A6C /* NewPasswordInteractor.swift in Sources */,
				A470B1AD2411D3A400A13A6C /* MenuFoodRemoteDataManager.swift in Sources */,
				A470B1842411B1C000A13A6C /* OrderListWireFrame.swift in Sources */,
				A43CA20F2409B53600BD547F /* SceneDelegate.swift in Sources */,
				A41CA744240DB36200B0F9BD /* RegisterInteractor.swift in Sources */,
				A470B1912411BB4400A13A6C /* NewOrderRemoteDataManager.swift in Sources */,
				A470B1A92411D3A400A13A6C /* MenuFoodLocalDataManager.swift in Sources */,
				A4E29F322410560300BC04B8 /* LoginWaiterProtocols.swift in Sources */,
				A42D79062409C19D0099B854 /* LoginAdminView.swift in Sources */,
				A41CA746240DB36200B0F9BD /* RegisterRemoteDataManager.swift in Sources */,
				A470B18C2411BB4400A13A6C /* NewOrderPresenter.swift in Sources */,
				A4E29F302410560300BC04B8 /* LoginWaiterPresenter.swift in Sources */,
				A470B18E2411BB4400A13A6C /* NewOrderProtocols.swift in Sources */,
				A42D79082409C19D0099B854 /* LoginAdminWireFrame.swift in Sources */,
				A470B1722411877300A13A6C /* NewPasswordProtocols.swift in Sources */,
				A470B1AE2411D3A400A13A6C /* MenuFoodWireFrame.swift in Sources */,
			);
			runOnlyForDeploymentPostprocessing = 0;
		};
/* End PBXSourcesBuildPhase section */

/* Begin PBXVariantGroup section */
		A43CA2172409B53800BD547F /* LaunchScreen.storyboard */ = {
			isa = PBXVariantGroup;
			children = (
				A43CA2182409B53800BD547F /* Base */,
			);
			name = LaunchScreen.storyboard;
			sourceTree = "<group>";
		};
/* End PBXVariantGroup section */

/* Begin XCBuildConfiguration section */
		A43CA21B2409B53800BD547F /* Debug */ = {
			isa = XCBuildConfiguration;
			buildSettings = {
				ALWAYS_SEARCH_USER_PATHS = NO;
				CLANG_ANALYZER_NONNULL = YES;
				CLANG_ANALYZER_NUMBER_OBJECT_CONVERSION = YES_AGGRESSIVE;
				CLANG_CXX_LANGUAGE_STANDARD = "gnu++14";
				CLANG_CXX_LIBRARY = "libc++";
				CLANG_ENABLE_MODULES = YES;
				CLANG_ENABLE_OBJC_ARC = YES;
				CLANG_ENABLE_OBJC_WEAK = YES;
				CLANG_WARN_BLOCK_CAPTURE_AUTORELEASING = YES;
				CLANG_WARN_BOOL_CONVERSION = YES;
				CLANG_WARN_COMMA = YES;
				CLANG_WARN_CONSTANT_CONVERSION = YES;
				CLANG_WARN_DEPRECATED_OBJC_IMPLEMENTATIONS = YES;
				CLANG_WARN_DIRECT_OBJC_ISA_USAGE = YES_ERROR;
				CLANG_WARN_DOCUMENTATION_COMMENTS = YES;
				CLANG_WARN_EMPTY_BODY = YES;
				CLANG_WARN_ENUM_CONVERSION = YES;
				CLANG_WARN_INFINITE_RECURSION = YES;
				CLANG_WARN_INT_CONVERSION = YES;
				CLANG_WARN_NON_LITERAL_NULL_CONVERSION = YES;
				CLANG_WARN_OBJC_IMPLICIT_RETAIN_SELF = YES;
				CLANG_WARN_OBJC_LITERAL_CONVERSION = YES;
				CLANG_WARN_OBJC_ROOT_CLASS = YES_ERROR;
				CLANG_WARN_RANGE_LOOP_ANALYSIS = YES;
				CLANG_WARN_STRICT_PROTOTYPES = YES;
				CLANG_WARN_SUSPICIOUS_MOVE = YES;
				CLANG_WARN_UNGUARDED_AVAILABILITY = YES_AGGRESSIVE;
				CLANG_WARN_UNREACHABLE_CODE = YES;
				CLANG_WARN__DUPLICATE_METHOD_MATCH = YES;
				COPY_PHASE_STRIP = NO;
				DEBUG_INFORMATION_FORMAT = dwarf;
				ENABLE_STRICT_OBJC_MSGSEND = YES;
				ENABLE_TESTABILITY = YES;
				GCC_C_LANGUAGE_STANDARD = gnu11;
				GCC_DYNAMIC_NO_PIC = NO;
				GCC_NO_COMMON_BLOCKS = YES;
				GCC_OPTIMIZATION_LEVEL = 0;
				GCC_PREPROCESSOR_DEFINITIONS = (
					"DEBUG=1",
					"$(inherited)",
				);
				GCC_WARN_64_TO_32_BIT_CONVERSION = YES;
				GCC_WARN_ABOUT_RETURN_TYPE = YES_ERROR;
				GCC_WARN_UNDECLARED_SELECTOR = YES;
				GCC_WARN_UNINITIALIZED_AUTOS = YES_AGGRESSIVE;
				GCC_WARN_UNUSED_FUNCTION = YES;
				GCC_WARN_UNUSED_VARIABLE = YES;
				IPHONEOS_DEPLOYMENT_TARGET = 13.2;
				MTL_ENABLE_DEBUG_INFO = INCLUDE_SOURCE;
				MTL_FAST_MATH = YES;
				ONLY_ACTIVE_ARCH = YES;
				SDKROOT = iphoneos;
				SWIFT_ACTIVE_COMPILATION_CONDITIONS = DEBUG;
				SWIFT_OPTIMIZATION_LEVEL = "-Onone";
			};
			name = Debug;
		};
		A43CA21C2409B53800BD547F /* Release */ = {
			isa = XCBuildConfiguration;
			buildSettings = {
				ALWAYS_SEARCH_USER_PATHS = NO;
				CLANG_ANALYZER_NONNULL = YES;
				CLANG_ANALYZER_NUMBER_OBJECT_CONVERSION = YES_AGGRESSIVE;
				CLANG_CXX_LANGUAGE_STANDARD = "gnu++14";
				CLANG_CXX_LIBRARY = "libc++";
				CLANG_ENABLE_MODULES = YES;
				CLANG_ENABLE_OBJC_ARC = YES;
				CLANG_ENABLE_OBJC_WEAK = YES;
				CLANG_WARN_BLOCK_CAPTURE_AUTORELEASING = YES;
				CLANG_WARN_BOOL_CONVERSION = YES;
				CLANG_WARN_COMMA = YES;
				CLANG_WARN_CONSTANT_CONVERSION = YES;
				CLANG_WARN_DEPRECATED_OBJC_IMPLEMENTATIONS = YES;
				CLANG_WARN_DIRECT_OBJC_ISA_USAGE = YES_ERROR;
				CLANG_WARN_DOCUMENTATION_COMMENTS = YES;
				CLANG_WARN_EMPTY_BODY = YES;
				CLANG_WARN_ENUM_CONVERSION = YES;
				CLANG_WARN_INFINITE_RECURSION = YES;
				CLANG_WARN_INT_CONVERSION = YES;
				CLANG_WARN_NON_LITERAL_NULL_CONVERSION = YES;
				CLANG_WARN_OBJC_IMPLICIT_RETAIN_SELF = YES;
				CLANG_WARN_OBJC_LITERAL_CONVERSION = YES;
				CLANG_WARN_OBJC_ROOT_CLASS = YES_ERROR;
				CLANG_WARN_RANGE_LOOP_ANALYSIS = YES;
				CLANG_WARN_STRICT_PROTOTYPES = YES;
				CLANG_WARN_SUSPICIOUS_MOVE = YES;
				CLANG_WARN_UNGUARDED_AVAILABILITY = YES_AGGRESSIVE;
				CLANG_WARN_UNREACHABLE_CODE = YES;
				CLANG_WARN__DUPLICATE_METHOD_MATCH = YES;
				COPY_PHASE_STRIP = NO;
				DEBUG_INFORMATION_FORMAT = "dwarf-with-dsym";
				ENABLE_NS_ASSERTIONS = NO;
				ENABLE_STRICT_OBJC_MSGSEND = YES;
				GCC_C_LANGUAGE_STANDARD = gnu11;
				GCC_NO_COMMON_BLOCKS = YES;
				GCC_WARN_64_TO_32_BIT_CONVERSION = YES;
				GCC_WARN_ABOUT_RETURN_TYPE = YES_ERROR;
				GCC_WARN_UNDECLARED_SELECTOR = YES;
				GCC_WARN_UNINITIALIZED_AUTOS = YES_AGGRESSIVE;
				GCC_WARN_UNUSED_FUNCTION = YES;
				GCC_WARN_UNUSED_VARIABLE = YES;
				IPHONEOS_DEPLOYMENT_TARGET = 13.2;
				MTL_ENABLE_DEBUG_INFO = NO;
				MTL_FAST_MATH = YES;
				SDKROOT = iphoneos;
				SWIFT_COMPILATION_MODE = wholemodule;
				SWIFT_OPTIMIZATION_LEVEL = "-O";
				VALIDATE_PRODUCT = YES;
			};
			name = Release;
		};
		A43CA21E2409B53800BD547F /* Debug */ = {
			isa = XCBuildConfiguration;
			buildSettings = {
				ASSETCATALOG_COMPILER_APPICON_NAME = AppIcon;
				CODE_SIGN_STYLE = Automatic;
				DEVELOPMENT_TEAM = EEM8QJ4J6Y;
				INFOPLIST_FILE = Tatun/Source/Info.plist;
				LD_RUNPATH_SEARCH_PATHS = (
					"$(inherited)",
					"@executable_path/Frameworks",
				);
				PRODUCT_BUNDLE_IDENTIFIER = CS.Tatun;
				PRODUCT_NAME = "$(TARGET_NAME)";
				SWIFT_VERSION = 5.0;
				TARGETED_DEVICE_FAMILY = "1,2";
			};
			name = Debug;
		};
		A43CA21F2409B53800BD547F /* Release */ = {
			isa = XCBuildConfiguration;
			buildSettings = {
				ASSETCATALOG_COMPILER_APPICON_NAME = AppIcon;
				CODE_SIGN_STYLE = Automatic;
				DEVELOPMENT_TEAM = EEM8QJ4J6Y;
				INFOPLIST_FILE = Tatun/Source/Info.plist;
				LD_RUNPATH_SEARCH_PATHS = (
					"$(inherited)",
					"@executable_path/Frameworks",
				);
				PRODUCT_BUNDLE_IDENTIFIER = CS.Tatun;
				PRODUCT_NAME = "$(TARGET_NAME)";
				SWIFT_VERSION = 5.0;
				TARGETED_DEVICE_FAMILY = "1,2";
			};
			name = Release;
		};
/* End XCBuildConfiguration section */

/* Begin XCConfigurationList section */
		A43CA2042409B53600BD547F /* Build configuration list for PBXProject "Tatun" */ = {
			isa = XCConfigurationList;
			buildConfigurations = (
				A43CA21B2409B53800BD547F /* Debug */,
				A43CA21C2409B53800BD547F /* Release */,
			);
			defaultConfigurationIsVisible = 0;
			defaultConfigurationName = Release;
		};
		A43CA21D2409B53800BD547F /* Build configuration list for PBXNativeTarget "Tatun" */ = {
			isa = XCConfigurationList;
			buildConfigurations = (
				A43CA21E2409B53800BD547F /* Debug */,
				A43CA21F2409B53800BD547F /* Release */,
			);
			defaultConfigurationIsVisible = 0;
			defaultConfigurationName = Release;
		};
/* End XCConfigurationList section */
	};
	rootObject = A43CA2012409B53600BD547F /* Project object */;
}
